
Microsoft Visual Studio Solution File, Format Version 12.00
# Visual Studio Version 17
VisualStudioVersion = 17.8.34525.116
MinimumVisualStudioVersion = 10.0.40219.1
Project("{9A19103F-16F7-4668-BE54-9A1E7A4F7556}") = "MeterMonitoring", "MeterMonitoring\MeterMonitoring.csproj", "{F99FBE2D-87E3-44F7-91B1-A0E05E170031}"
EndProject
Project("{2150E333-8FDC-42A3-9474-1A3956D46DE8}") = "help", "help", "{978FB76F-A53B-48A1-B4B1-6A537824E4A9}"
	ProjectSection(SolutionItems) = preProject
		Migration.txt = Migration.txt
	EndProjectSection
EndProject
Project("{2150E333-8FDC-42A3-9474-1A3956D46DE8}") = "src", "src", "{9BB83557-01F3-427D-B625-D2AA20B4C5D3}"
EndProject
Project("{2150E333-8FDC-42A3-9474-1A3956D46DE8}") = "api", "api", "{974869AA-E612-47C6-90A5-F030D17E19EF}"
EndProject
Project("{2150E333-8FDC-42A3-9474-1A3956D46DE8}") = "data", "data", "{A3E57255-0135-4537-95B1-7F5D894A5D17}"
EndProject
Project("{2150E333-8FDC-42A3-9474-1A3956D46DE8}") = "services", "services", "{C380C7D3-2207-4A81-BA71-89EECA194B6C}"
EndProject
Project("{9A19103F-16F7-4668-BE54-9A1E7A4F7556}") = "DatabaseLibrary", "MeterMonitoring.Entities\DatabaseLibrary.csproj", "{2BAA8634-749A-41B2-85E7-68FD903B8BB2}"
EndProject
Project("{FAE04EC0-301F-11D3-BF4B-00C04F79EFBC}") = "MeterMonitoring.Data.Services", "MeterMonitoring.Data.Services\MeterMonitoring.Data.Services.csproj", "{C24678BB-B964-483E-AC24-A5F1C7BF44EF}"
EndProject
Project("{2150E333-8FDC-42A3-9474-1A3956D46DE8}") = "contracts", "contracts", "{C93CE2DC-0828-4DE3-8F0F-1C1CC809C430}"
EndProject
Project("{FAE04EC0-301F-11D3-BF4B-00C04F79EFBC}") = "MeterMonitoring.Library", "MeterMonitoring.Library\MeterMonitoring.Library.csproj", "{F3F4F2D3-C4F3-483C-99AE-2CA852190AF2}"
EndProject
Project("{2150E333-8FDC-42A3-9474-1A3956D46DE8}") = "queries", "queries", "{19879F64-DD99-4FA0-B152-7FC5603907DE}"
EndProject
Project("{FAE04EC0-301F-11D3-BF4B-00C04F79EFBC}") = "MeterMonitoring.Meter.Queries", "MeterMonitoring.Meter.Queries\MeterMonitoring.Meter.Queries.csproj", "{2B116BA8-5F59-40E8-8156-A0DDFFF46CAF}"
EndProject
Project("{2150E333-8FDC-42A3-9474-1A3956D46DE8}") = "commands", "commands", "{997A4072-9004-4AE1-BC14-189F3EE9357D}"
EndProject
Project("{FAE04EC0-301F-11D3-BF4B-00C04F79EFBC}") = "MeterMonitoring.Meter.Commands", "MeterMonitoring.Meter.Commands\MeterMonitoring.Meter.Commands.csproj", "{634C3F40-F378-4C80-BD32-4A957539F532}"
EndProject
Project("{2150E333-8FDC-42A3-9474-1A3956D46DE8}") = "services", "services", "{8E7A59B2-7766-4DB2-B28E-51C0AD095405}"
EndProject
Project("{FAE04EC0-301F-11D3-BF4B-00C04F79EFBC}") = "MeterMonitoring.RabbitMQ", "MeterMonitoring.Common.Services\MeterMonitoring.RabbitMQ.csproj", "{6A298BFB-51D5-45A3-B240-EC359D75DE75}"
EndProject
Project("{FAE04EC0-301F-11D3-BF4B-00C04F79EFBC}") = "MeterMonitoring.Data.Mapper", "MeterMonitoring.Data.Mapper\MeterMonitoring.Data.Mapper.csproj", "{F253DABB-8920-496C-88B3-EB5FBA216163}"
EndProject
Global
	GlobalSection(SolutionConfigurationPlatforms) = preSolution
		Debug|Any CPU = Debug|Any CPU
		Release|Any CPU = Release|Any CPU
	EndGlobalSection
	GlobalSection(ProjectConfigurationPlatforms) = postSolution
		{F99FBE2D-87E3-44F7-91B1-A0E05E170031}.Debug|Any CPU.ActiveCfg = Debug|Any CPU
		{F99FBE2D-87E3-44F7-91B1-A0E05E170031}.Debug|Any CPU.Build.0 = Debug|Any CPU
		{F99FBE2D-87E3-44F7-91B1-A0E05E170031}.Release|Any CPU.ActiveCfg = Release|Any CPU
		{F99FBE2D-87E3-44F7-91B1-A0E05E170031}.Release|Any CPU.Build.0 = Release|Any CPU
		{2BAA8634-749A-41B2-85E7-68FD903B8BB2}.Debug|Any CPU.ActiveCfg = Debug|Any CPU
		{2BAA8634-749A-41B2-85E7-68FD903B8BB2}.Debug|Any CPU.Build.0 = Debug|Any CPU
		{2BAA8634-749A-41B2-85E7-68FD903B8BB2}.Release|Any CPU.ActiveCfg = Release|Any CPU
		{2BAA8634-749A-41B2-85E7-68FD903B8BB2}.Release|Any CPU.Build.0 = Release|Any CPU
		{C24678BB-B964-483E-AC24-A5F1C7BF44EF}.Debug|Any CPU.ActiveCfg = Debug|Any CPU
		{C24678BB-B964-483E-AC24-A5F1C7BF44EF}.Debug|Any CPU.Build.0 = Debug|Any CPU
		{C24678BB-B964-483E-AC24-A5F1C7BF44EF}.Release|Any CPU.ActiveCfg = Release|Any CPU
		{C24678BB-B964-483E-AC24-A5F1C7BF44EF}.Release|Any CPU.Build.0 = Release|Any CPU
		{F3F4F2D3-C4F3-483C-99AE-2CA852190AF2}.Debug|Any CPU.ActiveCfg = Debug|Any CPU
		{F3F4F2D3-C4F3-483C-99AE-2CA852190AF2}.Debug|Any CPU.Build.0 = Debug|Any CPU
		{F3F4F2D3-C4F3-483C-99AE-2CA852190AF2}.Release|Any CPU.ActiveCfg = Release|Any CPU
		{F3F4F2D3-C4F3-483C-99AE-2CA852190AF2}.Release|Any CPU.Build.0 = Release|Any CPU
		{2B116BA8-5F59-40E8-8156-A0DDFFF46CAF}.Debug|Any CPU.ActiveCfg = Debug|Any CPU
		{2B116BA8-5F59-40E8-8156-A0DDFFF46CAF}.Debug|Any CPU.Build.0 = Debug|Any CPU
		{2B116BA8-5F59-40E8-8156-A0DDFFF46CAF}.Release|Any CPU.ActiveCfg = Release|Any CPU
		{2B116BA8-5F59-40E8-8156-A0DDFFF46CAF}.Release|Any CPU.Build.0 = Release|Any CPU
		{634C3F40-F378-4C80-BD32-4A957539F532}.Debug|Any CPU.ActiveCfg = Debug|Any CPU
		{634C3F40-F378-4C80-BD32-4A957539F532}.Debug|Any CPU.Build.0 = Debug|Any CPU
		{634C3F40-F378-4C80-BD32-4A957539F532}.Release|Any CPU.ActiveCfg = Release|Any CPU
		{634C3F40-F378-4C80-BD32-4A957539F532}.Release|Any CPU.Build.0 = Release|Any CPU
		{6A298BFB-51D5-45A3-B240-EC359D75DE75}.Debug|Any CPU.ActiveCfg = Debug|Any CPU
		{6A298BFB-51D5-45A3-B240-EC359D75DE75}.Debug|Any CPU.Build.0 = Debug|Any CPU
		{6A298BFB-51D5-45A3-B240-EC359D75DE75}.Release|Any CPU.ActiveCfg = Release|Any CPU
		{6A298BFB-51D5-45A3-B240-EC359D75DE75}.Release|Any CPU.Build.0 = Release|Any CPU
		{F253DABB-8920-496C-88B3-EB5FBA216163}.Debug|Any CPU.ActiveCfg = Debug|Any CPU
		{F253DABB-8920-496C-88B3-EB5FBA216163}.Debug|Any CPU.Build.0 = Debug|Any CPU
		{F253DABB-8920-496C-88B3-EB5FBA216163}.Release|Any CPU.ActiveCfg = Release|Any CPU
		{F253DABB-8920-496C-88B3-EB5FBA216163}.Release|Any CPU.Build.0 = Release|Any CPU
	EndGlobalSection
	GlobalSection(SolutionProperties) = preSolution
		HideSolutionNode = FALSE
	EndGlobalSection
	GlobalSection(NestedProjects) = preSolution
		{F99FBE2D-87E3-44F7-91B1-A0E05E170031} = {974869AA-E612-47C6-90A5-F030D17E19EF}
		{974869AA-E612-47C6-90A5-F030D17E19EF} = {9BB83557-01F3-427D-B625-D2AA20B4C5D3}
		{A3E57255-0135-4537-95B1-7F5D894A5D17} = {9BB83557-01F3-427D-B625-D2AA20B4C5D3}
		{C380C7D3-2207-4A81-BA71-89EECA194B6C} = {9BB83557-01F3-427D-B625-D2AA20B4C5D3}
		{2BAA8634-749A-41B2-85E7-68FD903B8BB2} = {A3E57255-0135-4537-95B1-7F5D894A5D17}
		{C24678BB-B964-483E-AC24-A5F1C7BF44EF} = {C380C7D3-2207-4A81-BA71-89EECA194B6C}
		{C93CE2DC-0828-4DE3-8F0F-1C1CC809C430} = {9BB83557-01F3-427D-B625-D2AA20B4C5D3}
		{F3F4F2D3-C4F3-483C-99AE-2CA852190AF2} = {C93CE2DC-0828-4DE3-8F0F-1C1CC809C430}
		{19879F64-DD99-4FA0-B152-7FC5603907DE} = {A3E57255-0135-4537-95B1-7F5D894A5D17}
		{2B116BA8-5F59-40E8-8156-A0DDFFF46CAF} = {19879F64-DD99-4FA0-B152-7FC5603907DE}
		{997A4072-9004-4AE1-BC14-189F3EE9357D} = {A3E57255-0135-4537-95B1-7F5D894A5D17}
		{634C3F40-F378-4C80-BD32-4A957539F532} = {997A4072-9004-4AE1-BC14-189F3EE9357D}
		{8E7A59B2-7766-4DB2-B28E-51C0AD095405} = {A3E57255-0135-4537-95B1-7F5D894A5D17}
		{6A298BFB-51D5-45A3-B240-EC359D75DE75} = {8E7A59B2-7766-4DB2-B28E-51C0AD095405}
		{F253DABB-8920-496C-88B3-EB5FBA216163} = {A3E57255-0135-4537-95B1-7F5D894A5D17}
	EndGlobalSection
	GlobalSection(ExtensibilityGlobals) = postSolution
		SolutionGuid = {609C7046-0CAE-4C3D-A0A7-63396D8F0DD5}
	EndGlobalSection
EndGlobal
